// !$*UTF8*$!
{
	archiveVersion = 1;
	classes = {
	};
	objectVersion = 50;
	objects = {

/* Begin PBXBuildFile section */
		2AF408D292A00BDDD7A2B547 /* Pods_Dekhallen.framework in Frameworks */ = {isa = PBXBuildFile; fileRef = AA005CB071CDA6E0FAFB61CB /* Pods_Dekhallen.framework */; };
		BFE2B87D2142B46700A27B17 /* AppDelegate.swift in Sources */ = {isa = PBXBuildFile; fileRef = BFE2B87C2142B46700A27B17 /* AppDelegate.swift */; };
		BFE2B87F2142B46700A27B17 /* ViewController.swift in Sources */ = {isa = PBXBuildFile; fileRef = BFE2B87E2142B46700A27B17 /* ViewController.swift */; };
		BFE2B8822142B46700A27B17 /* Main.storyboard in Resources */ = {isa = PBXBuildFile; fileRef = BFE2B8802142B46700A27B17 /* Main.storyboard */; };
		BFE2B8842142B46800A27B17 /* Assets.xcassets in Resources */ = {isa = PBXBuildFile; fileRef = BFE2B8832142B46800A27B17 /* Assets.xcassets */; };
		BFE2B8872142B46800A27B17 /* LaunchScreen.storyboard in Resources */ = {isa = PBXBuildFile; fileRef = BFE2B8852142B46800A27B17 /* LaunchScreen.storyboard */; };
		BFE2B88F2142B4D500A27B17 /* Network.swift in Sources */ = {isa = PBXBuildFile; fileRef = BFE2B88E2142B4D500A27B17 /* Network.swift */; };
/* End PBXBuildFile section */

/* Begin PBXFileReference section */
		189BEBB5456149F256169C75 /* Pods-Dekhallen.release.xcconfig */ = {isa = PBXFileReference; includeInIndex = 1; lastKnownFileType = text.xcconfig; name = "Pods-Dekhallen.release.xcconfig"; path = "Pods/Target Support Files/Pods-Dekhallen/Pods-Dekhallen.release.xcconfig"; sourceTree = "<group>"; };
		28474A1057562ECE978ADF91 /* Pods-Dekhallen.debug.xcconfig */ = {isa = PBXFileReference; includeInIndex = 1; lastKnownFileType = text.xcconfig; name = "Pods-Dekhallen.debug.xcconfig"; path = "Pods/Target Support Files/Pods-Dekhallen/Pods-Dekhallen.debug.xcconfig"; sourceTree = "<group>"; };
		AA005CB071CDA6E0FAFB61CB /* Pods_Dekhallen.framework */ = {isa = PBXFileReference; explicitFileType = wrapper.framework; includeInIndex = 0; path = Pods_Dekhallen.framework; sourceTree = BUILT_PRODUCTS_DIR; };
		BFE2B8792142B46700A27B17 /* Dekhallen.app */ = {isa = PBXFileReference; explicitFileType = wrapper.application; includeInIndex = 0; path = Dekhallen.app; sourceTree = BUILT_PRODUCTS_DIR; };
		BFE2B87C2142B46700A27B17 /* AppDelegate.swift */ = {isa = PBXFileReference; lastKnownFileType = sourcecode.swift; path = AppDelegate.swift; sourceTree = "<group>"; };
		BFE2B87E2142B46700A27B17 /* ViewController.swift */ = {isa = PBXFileReference; lastKnownFileType = sourcecode.swift; path = ViewController.swift; sourceTree = "<group>"; };
		BFE2B8812142B46700A27B17 /* Base */ = {isa = PBXFileReference; lastKnownFileType = file.storyboard; name = Base; path = Base.lproj/Main.storyboard; sourceTree = "<group>"; };
		BFE2B8832142B46800A27B17 /* Assets.xcassets */ = {isa = PBXFileReference; lastKnownFileType = folder.assetcatalog; path = Assets.xcassets; sourceTree = "<group>"; };
		BFE2B8862142B46800A27B17 /* Base */ = {isa = PBXFileReference; lastKnownFileType = file.storyboard; name = Base; path = Base.lproj/LaunchScreen.storyboard; sourceTree = "<group>"; };
		BFE2B8882142B46800A27B17 /* Info.plist */ = {isa = PBXFileReference; lastKnownFileType = text.plist.xml; path = Info.plist; sourceTree = "<group>"; };
		BFE2B88E2142B4D500A27B17 /* Network.swift */ = {isa = PBXFileReference; lastKnownFileType = sourcecode.swift; path = Network.swift; sourceTree = "<group>"; };
/* End PBXFileReference section */

/* Begin PBXFrameworksBuildPhase section */
		BFE2B8762142B46700A27B17 /* Frameworks */ = {
			isa = PBXFrameworksBuildPhase;
			buildActionMask = 2147483647;
			files = (
				2AF408D292A00BDDD7A2B547 /* Pods_Dekhallen.framework in Frameworks */,
			);
			runOnlyForDeploymentPostprocessing = 0;
		};
/* End PBXFrameworksBuildPhase section */

/* Begin PBXGroup section */
		BC1EA23963AD2851D21640E2 /* Pods */ = {
			isa = PBXGroup;
			children = (
				28474A1057562ECE978ADF91 /* Pods-Dekhallen.debug.xcconfig */,
				189BEBB5456149F256169C75 /* Pods-Dekhallen.release.xcconfig */,
			);
			name = Pods;
			sourceTree = "<group>";
		};
		BFE2B8702142B46700A27B17 = {
			isa = PBXGroup;
			children = (
				BFE2B87B2142B46700A27B17 /* Dekhallen */,
				BFE2B87A2142B46700A27B17 /* Products */,
				BC1EA23963AD2851D21640E2 /* Pods */,
				ED820E5997C563ECD4D5DAC3 /* Frameworks */,
			);
			sourceTree = "<group>";
		};
		BFE2B87A2142B46700A27B17 /* Products */ = {
			isa = PBXGroup;
			children = (
				BFE2B8792142B46700A27B17 /* Dekhallen.app */,
			);
			name = Products;
			sourceTree = "<group>";
		};
		BFE2B87B2142B46700A27B17 /* Dekhallen */ = {
			isa = PBXGroup;
			children = (
				BFE2B87C2142B46700A27B17 /* AppDelegate.swift */,
				BFE2B87E2142B46700A27B17 /* ViewController.swift */,
				BFE2B88E2142B4D500A27B17 /* Network.swift */,
				BFE2B8802142B46700A27B17 /* Main.storyboard */,
				BFE2B8832142B46800A27B17 /* Assets.xcassets */,
				BFE2B8852142B46800A27B17 /* LaunchScreen.storyboard */,
				BFE2B8882142B46800A27B17 /* Info.plist */,
			);
			path = Dekhallen;
			sourceTree = "<group>";
		};
		ED820E5997C563ECD4D5DAC3 /* Frameworks */ = {
			isa = PBXGroup;
			children = (
				AA005CB071CDA6E0FAFB61CB /* Pods_Dekhallen.framework */,
			);
			name = Frameworks;
			sourceTree = "<group>";
		};
/* End PBXGroup section */

/* Begin PBXNativeTarget section */
		BFE2B8782142B46700A27B17 /* Dekhallen */ = {
			isa = PBXNativeTarget;
			buildConfigurationList = BFE2B88B2142B46800A27B17 /* Build configuration list for PBXNativeTarget "Dekhallen" */;
			buildPhases = (
				C88A9F6BAC33EE6A0B40FAFF /* [CP] Check Pods Manifest.lock */,
				BFE2B8752142B46700A27B17 /* Sources */,
				BFE2B8762142B46700A27B17 /* Frameworks */,
				BFE2B8772142B46700A27B17 /* Resources */,
				9E39D41ABDEDC443BB7007F1 /* [CP] Embed Pods Frameworks */,
			);
			buildRules = (
			);
			dependencies = (
			);
			name = Dekhallen;
			productName = Dekhallen;
			productReference = BFE2B8792142B46700A27B17 /* Dekhallen.app */;
			productType = "com.apple.product-type.application";
		};
/* End PBXNativeTarget section */

/* Begin PBXProject section */
		BFE2B8712142B46700A27B17 /* Project object */ = {
			isa = PBXProject;
			attributes = {
				LastSwiftUpdateCheck = 0940;
				LastUpgradeCheck = 0940;
				TargetAttributes = {
					BFE2B8782142B46700A27B17 = {
						CreatedOnToolsVersion = 9.4.1;
					};
				};
			};
			buildConfigurationList = BFE2B8742142B46700A27B17 /* Build configuration list for PBXProject "Dekhallen" */;
			compatibilityVersion = "Xcode 9.3";
			developmentRegion = en;
			hasScannedForEncodings = 0;
			knownRegions = (
				en,
				Base,
			);
			mainGroup = BFE2B8702142B46700A27B17;
			productRefGroup = BFE2B87A2142B46700A27B17 /* Products */;
			projectDirPath = "";
			projectRoot = "";
			targets = (
				BFE2B8782142B46700A27B17 /* Dekhallen */,
			);
		};
/* End PBXProject section */

/* Begin PBXResourcesBuildPhase section */
		BFE2B8772142B46700A27B17 /* Resources */ = {
			isa = PBXResourcesBuildPhase;
			buildActionMask = 2147483647;
			files = (
				BFE2B8872142B46800A27B17 /* LaunchScreen.storyboard in Resources */,
				BFE2B8842142B46800A27B17 /* Assets.xcassets in Resources */,
				BFE2B8822142B46700A27B17 /* Main.storyboard in Resources */,
			);
			runOnlyForDeploymentPostprocessing = 0;
		};
/* End PBXResourcesBuildPhase section */

/* Begin PBXShellScriptBuildPhase section */
		9E39D41ABDEDC443BB7007F1 /* [CP] Embed Pods Frameworks */ = {
			isa = PBXShellScriptBuildPhase;
			buildActionMask = 2147483647;
			files = (
			);
			inputPaths = (
				"${SRCROOT}/Pods/Target Support Files/Pods-Dekhallen/Pods-Dekhallen-frameworks.sh",
				"${BUILT_PRODUCTS_DIR}/Alamofire/Alamofire.framework",
				"${BUILT_PRODUCTS_DIR}/BSGridCollectionViewLayout/BSGridCollectionViewLayout.framework",
				"${BUILT_PRODUCTS_DIR}/BSImagePicker/BSImagePicker.framework",
				"${BUILT_PRODUCTS_DIR}/BSImageView/BSImageView.framework",
				"${BUILT_PRODUCTS_DIR}/SwiftyJSON/SwiftyJSON.framework",
			);
			name = "[CP] Embed Pods Frameworks";
			outputPaths = (
				"${TARGET_BUILD_DIR}/${FRAMEWORKS_FOLDER_PATH}/Alamofire.framework",
				"${TARGET_BUILD_DIR}/${FRAMEWORKS_FOLDER_PATH}/BSGridCollectionViewLayout.framework",
				"${TARGET_BUILD_DIR}/${FRAMEWORKS_FOLDER_PATH}/BSImagePicker.framework",
				"${TARGET_BUILD_DIR}/${FRAMEWORKS_FOLDER_PATH}/BSImageView.framework",
				"${TARGET_BUILD_DIR}/${FRAMEWORKS_FOLDER_PATH}/SwiftyJSON.framework",
			);
			runOnlyForDeploymentPostprocessing = 0;
			shellPath = /bin/sh;
			shellScript = "\"${SRCROOT}/Pods/Target Support Files/Pods-Dekhallen/Pods-Dekhallen-frameworks.sh\"\n";
			showEnvVarsInLog = 0;
		};
		C88A9F6BAC33EE6A0B40FAFF /* [CP] Check Pods Manifest.lock */ = {
			isa = PBXShellScriptBuildPhase;
			buildActionMask = 2147483647;
			files = (
			);
			inputPaths = (
				"${PODS_PODFILE_DIR_PATH}/Podfile.lock",
				"${PODS_ROOT}/Manifest.lock",
			);
			name = "[CP] Check Pods Manifest.lock";
			outputPaths = (
				"$(DERIVED_FILE_DIR)/Pods-Dekhallen-checkManifestLockResult.txt",
			);
			runOnlyForDeploymentPostprocessing = 0;
			shellPath = /bin/sh;
			shellScript = "diff \"${PODS_PODFILE_DIR_PATH}/Podfile.lock\" \"${PODS_ROOT}/Manifest.lock\" > /dev/null\nif [ $? != 0 ] ; then\n    # print error to STDERR\n    echo \"error: The sandbox is not in sync with the Podfile.lock. Run 'pod install' or update your CocoaPods installation.\" >&2\n    exit 1\nfi\n# This output is used by Xcode 'outputs' to avoid re-running this script phase.\necho \"SUCCESS\" > \"${SCRIPT_OUTPUT_FILE_0}\"\n";
			showEnvVarsInLog = 0;
		};
/* End PBXShellScriptBuildPhase section */

/* Begin PBXSourcesBuildPhase section */
		BFE2B8752142B46700A27B17 /* Sources */ = {
			isa = PBXSourcesBuildPhase;
			buildActionMask = 2147483647;
			files = (
				BFE2B87F2142B46700A27B17 /* ViewController.swift in Sources */,
				BFE2B87D2142B46700A27B17 /* AppDelegate.swift in Sources */,
				BFE2B88F2142B4D500A27B17 /* Network.swift in Sources */,
			);
			runOnlyForDeploymentPostprocessing = 0;
		};
/* End PBXSourcesBuildPhase section */

/* Begin PBXVariantGroup section */
		BFE2B8802142B46700A27B17 /* Main.storyboard */ = {
			isa = PBXVariantGroup;
			children = (
				BFE2B8812142B46700A27B17 /* Base */,
			);
			name = Main.storyboard;
			sourceTree = "<group>";
		};
		BFE2B8852142B46800A27B17 /* LaunchScreen.storyboard */ = {
			isa = PBXVariantGroup;
			children = (
				BFE2B8862142B46800A27B17 /* Base */,
			);
			name = LaunchScreen.storyboard;
			sourceTree = "<group>";
		};
/* End PBXVariantGroup section */

/* Begin XCBuildConfiguration section */
		BFE2B8892142B46800A27B17 /* Debug */ = {
			isa = XCBuildConfiguration;
			buildSettings = {
				ALWAYS_SEARCH_USER_PATHS = NO;
				CLANG_ANALYZER_NONNULL = YES;
				CLANG_ANALYZER_NUMBER_OBJECT_CONVERSION = YES_AGGRESSIVE;
				CLANG_CXX_LANGUAGE_STANDARD = "gnu++14";
				CLANG_CXX_LIBRARY = "libc++";
				CLANG_ENABLE_MODULES = YES;
				CLANG_ENABLE_OBJC_ARC = YES;
				CLANG_ENABLE_OBJC_WEAK = YES;
				CLANG_WARN_BLOCK_CAPTURE_AUTORELEASING = YES;
				CLANG_WARN_BOOL_CONVERSION = YES;
				CLANG_WARN_COMMA = YES;
				CLANG_WARN_CONSTANT_CONVERSION = YES;
				CLANG_WARN_DEPRECATED_OBJC_IMPLEMENTATIONS = YES;
				CLANG_WARN_DIRECT_OBJC_ISA_USAGE = YES_ERROR;
				CLANG_WARN_DOCUMENTATION_COMMENTS = YES;
				CLANG_WARN_EMPTY_BODY = YES;
				CLANG_WARN_ENUM_CONVERSION = YES;
				CLANG_WARN_INFINITE_RECURSION = YES;
				CLANG_WARN_INT_CONVERSION = YES;
				CLANG_WARN_NON_LITERAL_NULL_CONVERSION = YES;
				CLANG_WARN_OBJC_IMPLICIT_RETAIN_SELF = YES;
				CLANG_WARN_OBJC_LITERAL_CONVERSION = YES;
				CLANG_WARN_OBJC_ROOT_CLASS = YES_ERROR;
				CLANG_WARN_RANGE_LOOP_ANALYSIS = YES;
				CLANG_WARN_STRICT_PROTOTYPES = YES;
				CLANG_WARN_SUSPICIOUS_MOVE = YES;
				CLANG_WARN_UNGUARDED_AVAILABILITY = YES_AGGRESSIVE;
				CLANG_WARN_UNREACHABLE_CODE = YES;
				CLANG_WARN__DUPLICATE_METHOD_MATCH = YES;
				CODE_SIGN_IDENTITY = "iPhone Developer";
				COPY_PHASE_STRIP = NO;
				DEBUG_INFORMATION_FORMAT = dwarf;
				ENABLE_STRICT_OBJC_MSGSEND = YES;
				ENABLE_TESTABILITY = YES;
				GCC_C_LANGUAGE_STANDARD = gnu11;
				GCC_DYNAMIC_NO_PIC = NO;
				GCC_NO_COMMON_BLOCKS = YES;
				GCC_OPTIMIZATION_LEVEL = 0;
				GCC_PREPROCESSOR_DEFINITIONS = (
					"DEBUG=1",
					"$(inherited)",
				);
				GCC_WARN_64_TO_32_BIT_CONVERSION = YES;
				GCC_WARN_ABOUT_RETURN_TYPE = YES_ERROR;
				GCC_WARN_UNDECLARED_SELECTOR = YES;
				GCC_WARN_UNINITIALIZED_AUTOS = YES_AGGRESSIVE;
				GCC_WARN_UNUSED_FUNCTION = YES;
				GCC_WARN_UNUSED_VARIABLE = YES;
				IPHONEOS_DEPLOYMENT_TARGET = 11.4;
				MTL_ENABLE_DEBUG_INFO = YES;
				ONLY_ACTIVE_ARCH = YES;
				SDKROOT = iphoneos;
				SWIFT_ACTIVE_COMPILATION_CONDITIONS = DEBUG;
				SWIFT_OPTIMIZATION_LEVEL = "-Onone";
			};
			name = Debug;
		};
		BFE2B88A2142B46800A27B17 /* Release */ = {
			isa = XCBuildConfiguration;
			buildSettings = {
				ALWAYS_SEARCH_USER_PATHS = NO;
				CLANG_ANALYZER_NONNULL = YES;
				CLANG_ANALYZER_NUMBER_OBJECT_CONVERSION = YES_AGGRESSIVE;
				CLANG_CXX_LANGUAGE_STANDARD = "gnu++14";
				CLANG_CXX_LIBRARY = "libc++";
				CLANG_ENABLE_MODULES = YES;
				CLANG_ENABLE_OBJC_ARC = YES;
				CLANG_ENABLE_OBJC_WEAK = YES;
				CLANG_WARN_BLOCK_CAPTURE_AUTORELEASING = YES;
				CLANG_WARN_BOOL_CONVERSION = YES;
				CLANG_WARN_COMMA = YES;
				CLANG_WARN_CONSTANT_CONVERSION = YES;
				CLANG_WARN_DEPRECATED_OBJC_IMPLEMENTATIONS = YES;
				CLANG_WARN_DIRECT_OBJC_ISA_USAGE = YES_ERROR;
				CLANG_WARN_DOCUMENTATION_COMMENTS = YES;
				CLANG_WARN_EMPTY_BODY = YES;
				CLANG_WARN_ENUM_CONVERSION = YES;
				CLANG_WARN_INFINITE_RECURSION = YES;
				CLANG_WARN_INT_CONVERSION = YES;
				CLANG_WARN_NON_LITERAL_NULL_CONVERSION = YES;
				CLANG_WARN_OBJC_IMPLICIT_RETAIN_SELF = YES;
				CLANG_WARN_OBJC_LITERAL_CONVERSION = YES;
				CLANG_WARN_OBJC_ROOT_CLASS = YES_ERROR;
				CLANG_WARN_RANGE_LOOP_ANALYSIS = YES;
				CLANG_WARN_STRICT_PROTOTYPES = YES;
				CLANG_WARN_SUSPICIOUS_MOVE = YES;
				CLANG_WARN_UNGUARDED_AVAILABILITY = YES_AGGRESSIVE;
				CLANG_WARN_UNREACHABLE_CODE = YES;
				CLANG_WARN__DUPLICATE_METHOD_MATCH = YES;
				CODE_SIGN_IDENTITY = "iPhone Developer";
				COPY_PHASE_STRIP = NO;
				DEBUG_INFORMATION_FORMAT = "dwarf-with-dsym";
				ENABLE_NS_ASSERTIONS = NO;
				ENABLE_STRICT_OBJC_MSGSEND = YES;
				GCC_C_LANGUAGE_STANDARD = gnu11;
				GCC_NO_COMMON_BLOCKS = YES;
				GCC_WARN_64_TO_32_BIT_CONVERSION = YES;
				GCC_WARN_ABOUT_RETURN_TYPE = YES_ERROR;
				GCC_WARN_UNDECLARED_SELECTOR = YES;
				GCC_WARN_UNINITIALIZED_AUTOS = YES_AGGRESSIVE;
				GCC_WARN_UNUSED_FUNCTION = YES;
				GCC_WARN_UNUSED_VARIABLE = YES;
				IPHONEOS_DEPLOYMENT_TARGET = 11.4;
				MTL_ENABLE_DEBUG_INFO = NO;
				SDKROOT = iphoneos;
				SWIFT_COMPILATION_MODE = wholemodule;
				SWIFT_OPTIMIZATION_LEVEL = "-O";
				VALIDATE_PRODUCT = YES;
			};
			name = Release;
		};
		BFE2B88C2142B46800A27B17 /* Debug */ = {
			isa = XCBuildConfiguration;
			baseConfigurationReference = 28474A1057562ECE978ADF91 /* Pods-Dekhallen.debug.xcconfig */;
			buildSettings = {
				ASSETCATALOG_COMPILER_APPICON_NAME = AppIcon;
				CODE_SIGN_STYLE = Manual;
				DEVELOPMENT_TEAM = T227ZRXCXK;
				INFOPLIST_FILE = Dekhallen/Info.plist;
				LD_RUNPATH_SEARCH_PATHS = (
					"$(inherited)",
					"@executable_path/Frameworks",
				);
				PRODUCT_BUNDLE_IDENTIFIER = com.rot.Dekhallen;
				PRODUCT_NAME = "$(TARGET_NAME)";
				PROVISIONING_PROFILE = "f4b4dcba-34c2-4f26-9f77-af31031e038c";
				PROVISIONING_PROFILE_SPECIFIER = DevDekhallen;
				SWIFT_VERSION = 4.0;
				TARGETED_DEVICE_FAMILY = "1,2";
			};
			name = Debug;
		};
		BFE2B88D2142B46800A27B17 /* Release */ = {
			isa = XCBuildConfiguration;
			baseConfigurationReference = 189BEBB5456149F256169C75 /* Pods-Dekhallen.release.xcconfig */;
			buildSettings = {
				ASSETCATALOG_COMPILER_APPICON_NAME = AppIcon;
				CODE_SIGN_STYLE = Manual;
				DEVELOPMENT_TEAM = T227ZRXCXK;
				INFOPLIST_FILE = Dekhallen/Info.plist;
				LD_RUNPATH_SEARCH_PATHS = (
					"$(inherited)",
					"@executable_path/Frameworks",
				);
				PRODUCT_BUNDLE_IDENTIFIER = com.rot.Dekhallen;
				PRODUCT_NAME = "$(TARGET_NAME)";
				PROVISIONING_PROFILE = "f4b4dcba-34c2-4f26-9f77-af31031e038c";
				PROVISIONING_PROFILE_SPECIFIER = DevDekhallen;
				SWIFT_VERSION = 4.0;
				TARGETED_DEVICE_FAMILY = "1,2";
			};
			name = Release;
		};
/* End XCBuildConfiguration section */

/* Begin XCConfigurationList section */
		BFE2B8742142B46700A27B17 /* Build configuration list for PBXProject "Dekhallen" */ = {
			isa = XCConfigurationList;
			buildConfigurations = (
				BFE2B8892142B46800A27B17 /* Debug */,
				BFE2B88A2142B46800A27B17 /* Release */,
			);
			defaultConfigurationIsVisible = 0;
			defaultConfigurationName = Release;
		};
		BFE2B88B2142B46800A27B17 /* Build configuration list for PBXNativeTarget "Dekhallen" */ = {
			isa = XCConfigurationList;
			buildConfigurations = (
				BFE2B88C2142B46800A27B17 /* Debug */,
				BFE2B88D2142B46800A27B17 /* Release */,
			);
			defaultConfigurationIsVisible = 0;
			defaultConfigurationName = Release;
		};
/* End XCConfigurationList section */
	};
	rootObject = BFE2B8712142B46700A27B17 /* Project object */;
}
